
Microsoft Visual Studio Solution File, Format Version 12.00
# Visual Studio Version 17
VisualStudioVersion = 17.10.34928.147
MinimumVisualStudioVersion = 10.0.40219.1
Project("{9A19103F-16F7-4668-BE54-9A1E7A4F7556}") = "HomeWork", "HomeWork\HomeWork.csproj", "{C34EF1CF-EA4F-45B4-9D81-F0A27190FDAE}"
EndProject
Project("{9A19103F-16F7-4668-BE54-9A1E7A4F7556}") = "CompСollections", "CompСollections\CompСollections.csproj", "{11A93A8D-2DC2-4929-8E7B-051D808FD6BF}"
EndProject
Project("{9A19103F-16F7-4668-BE54-9A1E7A4F7556}") = "IRobot", "IRobot\IRobot.csproj", "{6875B244-95DE-4774-BA6C-09E98DBD8AC8}"
EndProject
Project("{9A19103F-16F7-4668-BE54-9A1E7A4F7556}") = "Stack", "Stack\Stack.csproj", "{6A562609-4E6D-4BCC-928F-F48F6EF95F1F}"
EndProject
Project("{9A19103F-16F7-4668-BE54-9A1E7A4F7556}") = "StackAdd3", "StackAdd3\StackAdd3.csproj", "{1723E065-33C0-497C-B552-25470A71612B}"
EndProject
Project("{9A19103F-16F7-4668-BE54-9A1E7A4F7556}") = "tst", "tst\tst.csproj", "{FA0CFDFA-B8E3-4D09-9E75-631BB2B8F1BF}"
EndProject
Project("{9A19103F-16F7-4668-BE54-9A1E7A4F7556}") = "LambdaExpressions1", "LambdaExpressions\LambdaExpressions1.csproj", "{21DDBAAA-6DE6-42F0-A70D-48DE714F7638}"
EndProject
Project("{9A19103F-16F7-4668-BE54-9A1E7A4F7556}") = "LambdaExpressions2", "LambdaExpressions2\LambdaExpressions2.csproj", "{2CC7BBE5-D402-43C3-A6D3-AE6431DAE0AD}"
EndProject
Project("{9A19103F-16F7-4668-BE54-9A1E7A4F7556}") = "LambdaExpressions3", "LambdaExpressions3\LambdaExpressions3.csproj", "{5191B686-659A-4AF7-B5EF-68D5D765E607}"
EndProject
Project("{9A19103F-16F7-4668-BE54-9A1E7A4F7556}") = "RihterCollections", "tst2\RihterCollections.csproj", "{E541F126-7AD8-482E-9F97-9BFA0BB574EF}"
EndProject
Project("{9A19103F-16F7-4668-BE54-9A1E7A4F7556}") = "CollectionPerfomance", "tst1\CollectionPerfomance.csproj", "{D8646829-6444-4D8E-B74E-F797E13C96E8}"
EndProject
Project("{9A19103F-16F7-4668-BE54-9A1E7A4F7556}") = "OtusDictionary", "OtusDictionary\OtusDictionary.csproj", "{4473F266-B752-48EF-8DD3-0FE66C6A3C20}"
EndProject
Project("{9A19103F-16F7-4668-BE54-9A1E7A4F7556}") = "OtusDictionaryOpenAddr", "OtusDictionaryOpenAddr\OtusDictionaryOpenAddr.csproj", "{C6C30547-438B-493B-8048-15771E4C02DD}"
EndProject
Project("{9A19103F-16F7-4668-BE54-9A1E7A4F7556}") = "RegularСustomer", "RegularСustomer\RegularСustomer.csproj", "{F41DBCFF-EAE3-46E6-9826-C5D731BE7841}"
EndProject
Project("{9A19103F-16F7-4668-BE54-9A1E7A4F7556}") = "Poem", "Poem\Poem.csproj", "{CEB9E687-4620-4F00-8AAE-FCBE1CFDB1DA}"
EndProject
Project("{9A19103F-16F7-4668-BE54-9A1E7A4F7556}") = "Poem2", "Poem2\Poem2.csproj", "{8E2D2E44-0850-4F09-8BFD-F9B8D1A574D3}"
EndProject
Project("{9A19103F-16F7-4668-BE54-9A1E7A4F7556}") = "Librarian", "Librarian\Librarian.csproj", "{2D1B803E-C5FC-49B0-82FC-E86B818F5C6B}"
EndProject
Project("{9A19103F-16F7-4668-BE54-9A1E7A4F7556}") = "WriteAndReadFile", "WriteAndReadFile\WriteAndReadFile.csproj", "{6E51A31E-3910-4B00-8B9F-992DE06FC0DE}"
EndProject
Project("{9A19103F-16F7-4668-BE54-9A1E7A4F7556}") = "Poem1", "Poem1\Poem1.csproj", "{B43C4B84-D46E-4918-B237-9C2E1115A84F}"
EndProject
Project("{9A19103F-16F7-4668-BE54-9A1E7A4F7556}") = "DelegateEventsAsync", "DelegateEventsAsync\DelegateEventsAsync.csproj", "{1EFD6AFE-F793-40AB-998F-D0EE0ABF372F}"
EndProject
Project("{9A19103F-16F7-4668-BE54-9A1E7A4F7556}") = "tstDelegateEventsAsync", "tstDelegateEventsAsync\tstDelegateEventsAsync.csproj", "{14527C51-64B0-414B-898B-C3024E58CFF2}"
EndProject
Project("{9A19103F-16F7-4668-BE54-9A1E7A4F7556}") = "MethodForLinq", "MethodForLinq\MethodForLinq.csproj", "{5508C02F-316A-43D7-99FD-BAB40B2AE0A9}"
EndProject
Project("{FAE04EC0-301F-11D3-BF4B-00C04F79EFBC}") = "TreesAndHeap", "TreesAndHeap\TreesAndHeap.csproj", "{5194FBAF-45DE-4455-BF41-F7A2CA5A6C9A}"
EndProject
Global
	GlobalSection(SolutionConfigurationPlatforms) = preSolution
		Debug|Any CPU = Debug|Any CPU
		Release|Any CPU = Release|Any CPU
	EndGlobalSection
	GlobalSection(ProjectConfigurationPlatforms) = postSolution
		{C34EF1CF-EA4F-45B4-9D81-F0A27190FDAE}.Debug|Any CPU.ActiveCfg = Debug|Any CPU
		{C34EF1CF-EA4F-45B4-9D81-F0A27190FDAE}.Debug|Any CPU.Build.0 = Debug|Any CPU
		{C34EF1CF-EA4F-45B4-9D81-F0A27190FDAE}.Release|Any CPU.ActiveCfg = Release|Any CPU
		{C34EF1CF-EA4F-45B4-9D81-F0A27190FDAE}.Release|Any CPU.Build.0 = Release|Any CPU
		{11A93A8D-2DC2-4929-8E7B-051D808FD6BF}.Debug|Any CPU.ActiveCfg = Debug|Any CPU
		{11A93A8D-2DC2-4929-8E7B-051D808FD6BF}.Debug|Any CPU.Build.0 = Debug|Any CPU
		{11A93A8D-2DC2-4929-8E7B-051D808FD6BF}.Release|Any CPU.ActiveCfg = Release|Any CPU
		{11A93A8D-2DC2-4929-8E7B-051D808FD6BF}.Release|Any CPU.Build.0 = Release|Any CPU
		{6875B244-95DE-4774-BA6C-09E98DBD8AC8}.Debug|Any CPU.ActiveCfg = Debug|Any CPU
		{6875B244-95DE-4774-BA6C-09E98DBD8AC8}.Debug|Any CPU.Build.0 = Debug|Any CPU
		{6875B244-95DE-4774-BA6C-09E98DBD8AC8}.Release|Any CPU.ActiveCfg = Release|Any CPU
		{6875B244-95DE-4774-BA6C-09E98DBD8AC8}.Release|Any CPU.Build.0 = Release|Any CPU
		{6A562609-4E6D-4BCC-928F-F48F6EF95F1F}.Debug|Any CPU.ActiveCfg = Debug|Any CPU
		{6A562609-4E6D-4BCC-928F-F48F6EF95F1F}.Debug|Any CPU.Build.0 = Debug|Any CPU
		{6A562609-4E6D-4BCC-928F-F48F6EF95F1F}.Release|Any CPU.ActiveCfg = Release|Any CPU
		{6A562609-4E6D-4BCC-928F-F48F6EF95F1F}.Release|Any CPU.Build.0 = Release|Any CPU
		{1723E065-33C0-497C-B552-25470A71612B}.Debug|Any CPU.ActiveCfg = Debug|Any CPU
		{1723E065-33C0-497C-B552-25470A71612B}.Debug|Any CPU.Build.0 = Debug|Any CPU
		{1723E065-33C0-497C-B552-25470A71612B}.Release|Any CPU.ActiveCfg = Release|Any CPU
		{1723E065-33C0-497C-B552-25470A71612B}.Release|Any CPU.Build.0 = Release|Any CPU
		{FA0CFDFA-B8E3-4D09-9E75-631BB2B8F1BF}.Debug|Any CPU.ActiveCfg = Debug|Any CPU
		{FA0CFDFA-B8E3-4D09-9E75-631BB2B8F1BF}.Debug|Any CPU.Build.0 = Debug|Any CPU
		{FA0CFDFA-B8E3-4D09-9E75-631BB2B8F1BF}.Release|Any CPU.ActiveCfg = Release|Any CPU
		{FA0CFDFA-B8E3-4D09-9E75-631BB2B8F1BF}.Release|Any CPU.Build.0 = Release|Any CPU
		{21DDBAAA-6DE6-42F0-A70D-48DE714F7638}.Debug|Any CPU.ActiveCfg = Debug|Any CPU
		{21DDBAAA-6DE6-42F0-A70D-48DE714F7638}.Debug|Any CPU.Build.0 = Debug|Any CPU
		{21DDBAAA-6DE6-42F0-A70D-48DE714F7638}.Release|Any CPU.ActiveCfg = Release|Any CPU
		{21DDBAAA-6DE6-42F0-A70D-48DE714F7638}.Release|Any CPU.Build.0 = Release|Any CPU
		{2CC7BBE5-D402-43C3-A6D3-AE6431DAE0AD}.Debug|Any CPU.ActiveCfg = Debug|Any CPU
		{2CC7BBE5-D402-43C3-A6D3-AE6431DAE0AD}.Debug|Any CPU.Build.0 = Debug|Any CPU
		{2CC7BBE5-D402-43C3-A6D3-AE6431DAE0AD}.Release|Any CPU.ActiveCfg = Release|Any CPU
		{2CC7BBE5-D402-43C3-A6D3-AE6431DAE0AD}.Release|Any CPU.Build.0 = Release|Any CPU
		{5191B686-659A-4AF7-B5EF-68D5D765E607}.Debug|Any CPU.ActiveCfg = Debug|Any CPU
		{5191B686-659A-4AF7-B5EF-68D5D765E607}.Debug|Any CPU.Build.0 = Debug|Any CPU
		{5191B686-659A-4AF7-B5EF-68D5D765E607}.Release|Any CPU.ActiveCfg = Release|Any CPU
		{5191B686-659A-4AF7-B5EF-68D5D765E607}.Release|Any CPU.Build.0 = Release|Any CPU
		{E541F126-7AD8-482E-9F97-9BFA0BB574EF}.Debug|Any CPU.ActiveCfg = Debug|Any CPU
		{E541F126-7AD8-482E-9F97-9BFA0BB574EF}.Debug|Any CPU.Build.0 = Debug|Any CPU
		{E541F126-7AD8-482E-9F97-9BFA0BB574EF}.Release|Any CPU.ActiveCfg = Release|Any CPU
		{E541F126-7AD8-482E-9F97-9BFA0BB574EF}.Release|Any CPU.Build.0 = Release|Any CPU
		{D8646829-6444-4D8E-B74E-F797E13C96E8}.Debug|Any CPU.ActiveCfg = Debug|Any CPU
		{D8646829-6444-4D8E-B74E-F797E13C96E8}.Debug|Any CPU.Build.0 = Debug|Any CPU
		{D8646829-6444-4D8E-B74E-F797E13C96E8}.Release|Any CPU.ActiveCfg = Release|Any CPU
		{D8646829-6444-4D8E-B74E-F797E13C96E8}.Release|Any CPU.Build.0 = Release|Any CPU
		{4473F266-B752-48EF-8DD3-0FE66C6A3C20}.Debug|Any CPU.ActiveCfg = Debug|Any CPU
		{4473F266-B752-48EF-8DD3-0FE66C6A3C20}.Debug|Any CPU.Build.0 = Debug|Any CPU
		{4473F266-B752-48EF-8DD3-0FE66C6A3C20}.Release|Any CPU.ActiveCfg = Release|Any CPU
		{4473F266-B752-48EF-8DD3-0FE66C6A3C20}.Release|Any CPU.Build.0 = Release|Any CPU
		{C6C30547-438B-493B-8048-15771E4C02DD}.Debug|Any CPU.ActiveCfg = Debug|Any CPU
		{C6C30547-438B-493B-8048-15771E4C02DD}.Debug|Any CPU.Build.0 = Debug|Any CPU
		{C6C30547-438B-493B-8048-15771E4C02DD}.Release|Any CPU.ActiveCfg = Release|Any CPU
		{C6C30547-438B-493B-8048-15771E4C02DD}.Release|Any CPU.Build.0 = Release|Any CPU
		{F41DBCFF-EAE3-46E6-9826-C5D731BE7841}.Debug|Any CPU.ActiveCfg = Debug|Any CPU
		{F41DBCFF-EAE3-46E6-9826-C5D731BE7841}.Debug|Any CPU.Build.0 = Debug|Any CPU
		{F41DBCFF-EAE3-46E6-9826-C5D731BE7841}.Release|Any CPU.ActiveCfg = Release|Any CPU
		{F41DBCFF-EAE3-46E6-9826-C5D731BE7841}.Release|Any CPU.Build.0 = Release|Any CPU
		{CEB9E687-4620-4F00-8AAE-FCBE1CFDB1DA}.Debug|Any CPU.ActiveCfg = Debug|Any CPU
		{CEB9E687-4620-4F00-8AAE-FCBE1CFDB1DA}.Debug|Any CPU.Build.0 = Debug|Any CPU
		{CEB9E687-4620-4F00-8AAE-FCBE1CFDB1DA}.Release|Any CPU.ActiveCfg = Release|Any CPU
		{CEB9E687-4620-4F00-8AAE-FCBE1CFDB1DA}.Release|Any CPU.Build.0 = Release|Any CPU
		{8E2D2E44-0850-4F09-8BFD-F9B8D1A574D3}.Debug|Any CPU.ActiveCfg = Debug|Any CPU
		{8E2D2E44-0850-4F09-8BFD-F9B8D1A574D3}.Debug|Any CPU.Build.0 = Debug|Any CPU
		{8E2D2E44-0850-4F09-8BFD-F9B8D1A574D3}.Release|Any CPU.ActiveCfg = Release|Any CPU
		{8E2D2E44-0850-4F09-8BFD-F9B8D1A574D3}.Release|Any CPU.Build.0 = Release|Any CPU
		{2D1B803E-C5FC-49B0-82FC-E86B818F5C6B}.Debug|Any CPU.ActiveCfg = Debug|Any CPU
		{2D1B803E-C5FC-49B0-82FC-E86B818F5C6B}.Debug|Any CPU.Build.0 = Debug|Any CPU
		{2D1B803E-C5FC-49B0-82FC-E86B818F5C6B}.Release|Any CPU.ActiveCfg = Release|Any CPU
		{2D1B803E-C5FC-49B0-82FC-E86B818F5C6B}.Release|Any CPU.Build.0 = Release|Any CPU
		{6E51A31E-3910-4B00-8B9F-992DE06FC0DE}.Debug|Any CPU.ActiveCfg = Debug|Any CPU
		{6E51A31E-3910-4B00-8B9F-992DE06FC0DE}.Debug|Any CPU.Build.0 = Debug|Any CPU
		{6E51A31E-3910-4B00-8B9F-992DE06FC0DE}.Release|Any CPU.ActiveCfg = Release|Any CPU
		{6E51A31E-3910-4B00-8B9F-992DE06FC0DE}.Release|Any CPU.Build.0 = Release|Any CPU
		{B43C4B84-D46E-4918-B237-9C2E1115A84F}.Debug|Any CPU.ActiveCfg = Debug|Any CPU
		{B43C4B84-D46E-4918-B237-9C2E1115A84F}.Debug|Any CPU.Build.0 = Debug|Any CPU
		{B43C4B84-D46E-4918-B237-9C2E1115A84F}.Release|Any CPU.ActiveCfg = Release|Any CPU
		{B43C4B84-D46E-4918-B237-9C2E1115A84F}.Release|Any CPU.Build.0 = Release|Any CPU
		{1EFD6AFE-F793-40AB-998F-D0EE0ABF372F}.Debug|Any CPU.ActiveCfg = Debug|Any CPU
		{1EFD6AFE-F793-40AB-998F-D0EE0ABF372F}.Debug|Any CPU.Build.0 = Debug|Any CPU
		{1EFD6AFE-F793-40AB-998F-D0EE0ABF372F}.Release|Any CPU.ActiveCfg = Release|Any CPU
		{1EFD6AFE-F793-40AB-998F-D0EE0ABF372F}.Release|Any CPU.Build.0 = Release|Any CPU
		{14527C51-64B0-414B-898B-C3024E58CFF2}.Debug|Any CPU.ActiveCfg = Debug|Any CPU
		{14527C51-64B0-414B-898B-C3024E58CFF2}.Debug|Any CPU.Build.0 = Debug|Any CPU
		{14527C51-64B0-414B-898B-C3024E58CFF2}.Release|Any CPU.ActiveCfg = Release|Any CPU
		{14527C51-64B0-414B-898B-C3024E58CFF2}.Release|Any CPU.Build.0 = Release|Any CPU
		{5508C02F-316A-43D7-99FD-BAB40B2AE0A9}.Debug|Any CPU.ActiveCfg = Debug|Any CPU
		{5508C02F-316A-43D7-99FD-BAB40B2AE0A9}.Debug|Any CPU.Build.0 = Debug|Any CPU
		{5508C02F-316A-43D7-99FD-BAB40B2AE0A9}.Release|Any CPU.ActiveCfg = Release|Any CPU
		{5508C02F-316A-43D7-99FD-BAB40B2AE0A9}.Release|Any CPU.Build.0 = Release|Any CPU
		{5194FBAF-45DE-4455-BF41-F7A2CA5A6C9A}.Debug|Any CPU.ActiveCfg = Debug|Any CPU
		{5194FBAF-45DE-4455-BF41-F7A2CA5A6C9A}.Debug|Any CPU.Build.0 = Debug|Any CPU
		{5194FBAF-45DE-4455-BF41-F7A2CA5A6C9A}.Release|Any CPU.ActiveCfg = Release|Any CPU
		{5194FBAF-45DE-4455-BF41-F7A2CA5A6C9A}.Release|Any CPU.Build.0 = Release|Any CPU
	EndGlobalSection
	GlobalSection(SolutionProperties) = preSolution
		HideSolutionNode = FALSE
	EndGlobalSection
	GlobalSection(ExtensibilityGlobals) = postSolution
		SolutionGuid = {D49B4FD1-9CCF-4037-8C6F-CF467759E310}
	EndGlobalSection
EndGlobal
